
Microsoft Visual Studio Solution File, Format Version 12.00
# Visual Studio Version 16
VisualStudioVersion = 16.0.31019.35
MinimumVisualStudioVersion = 10.0.40219.1
Project("{8BC9CEB8-8B4A-11D0-8D11-00A0C91BC942}") = "AOS_HW1", "AOS_HW1.vcxproj", "{CFD1C604-5782-4320-89BF-EC1AE305B430}"
EndProject
Global
	GlobalSection(SolutionConfigurationPlatforms) = preSolution
		Debug|x64 = Debug|x64
		Debug|x86 = Debug|x86
		Release|x64 = Release|x64
		Release|x86 = Release|x86
	EndGlobalSection
	GlobalSection(ProjectConfigurationPlatforms) = postSolution
		{CFD1C604-5782-4320-89BF-EC1AE305B430}.Debug|x64.ActiveCfg = Debug|x64
		{CFD1C604-5782-4320-89BF-EC1AE305B430}.Debug|x64.Build.0 = Debug|x64
		{CFD1C604-5782-4320-89BF-EC1AE305B430}.Debug|x86.ActiveCfg = Debug|Win32
		{CFD1C604-5782-4320-89BF-EC1AE305B430}.Debug|x86.Build.0 = Debug|Win32
		{CFD1C604-5782-4320-89BF-EC1AE305B430}.Release|x64.ActiveCfg = Release|x64
		{CFD1C604-5782-4320-89BF-EC1AE305B430}.Release|x64.Build.0 = Release|x64
		{CFD1C604-5782-4320-89BF-EC1AE305B430}.Release|x86.ActiveCfg = Release|Win32
		{CFD1C604-5782-4320-89BF-EC1AE305B430}.Release|x86.Build.0 = Release|Win32
	EndGlobalSection
	GlobalSection(SolutionProperties) = preSolution
		HideSolutionNode = FALSE
	EndGlobalSection
	GlobalSection(ExtensibilityGlobals) = postSolution
		SolutionGuid = {2AA8D68F-BE21-49A9-A79E-0B4609377176}
	EndGlobalSection
EndGlobal
